<?xml version="1.0" encoding="utf-8"?>
<Project ToolsVersion="4.0" xmlns="http://schemas.microsoft.com/developer/msbuild/2003">
  <ItemGroup>
    <Filter Include="01. Core">
      <UniqueIdentifier>{45893dea-8266-40b1-b6ce-64534ea7e696}</UniqueIdentifier>
    </Filter>
    <Filter Include="02. Manager">
      <UniqueIdentifier>{2ca341f6-ad67-423f-b335-7b88c3472463}</UniqueIdentifier>
    </Filter>
    <Filter Include="01. Core\External">
      <UniqueIdentifier>{66d3e6b7-4451-4bb1-a87e-577d7a935af5}</UniqueIdentifier>
    </Filter>
    <Filter Include="01. Core\External\SDL">
      <UniqueIdentifier>{22cdc5d0-8f3b-4fae-a1e2-ec194de482ec}</UniqueIdentifier>
    </Filter>
    <Filter Include="03. Scene">
      <UniqueIdentifier>{605f8d33-accc-441c-920e-f3b614dfdfd0}</UniqueIdentifier>
    </Filter>
    <Filter Include="03. Scene\01. Scenes">
      <UniqueIdentifier>{9c429037-dc37-4f0e-baef-df8450cfb66a}</UniqueIdentifier>
    </Filter>
    <Filter Include="04. Object">
      <UniqueIdentifier>{2bd23e26-200b-4f59-9112-ca3337cf5a98}</UniqueIdentifier>
    </Filter>
    <Filter Include="04. Object\01. Objects">
      <UniqueIdentifier>{464a61f2-ec3b-492f-88e8-ca55e14fdd3e}</UniqueIdentifier>
    </Filter>
    <Filter Include="01. Core\Lib">
      <UniqueIdentifier>{07aa822c-a6bd-4517-8029-44de9e5d5528}</UniqueIdentifier>
    </Filter>
    <Filter Include="01. Core\Lib\Input">
      <UniqueIdentifier>{3e84e11b-3d68-4517-98e3-38767547663b}</UniqueIdentifier>
    </Filter>
    <Filter Include="01. Core\Lib\Timer">
      <UniqueIdentifier>{b988f21a-2a7e-45be-84c2-a6a6a6dec500}</UniqueIdentifier>
    </Filter>
  </ItemGroup>
  <ItemGroup>
    <ClInclude Include="Core\Timer.h">
      <Filter>01. Core\Lib\Timer</Filter>
    </ClInclude>
    <ClInclude Include="Core\Input.h">
      <Filter>01. Core\Lib\Input</Filter>
    </ClInclude>
    <ClInclude Include="Manager\GameManager.h">
      <Filter>02. Manager</Filter>
    </ClInclude>
    <ClInclude Include="Core\GameInfo.h">
      <Filter>01. Core\Lib</Filter>
    </ClInclude>
    <ClInclude Include="Core\External\SDL\close_code.h">
      <Filter>01. Core\External\SDL</Filter>
    </ClInclude>
    <ClInclude Include="Core\External\SDL\SDL.h">
      <Filter>01. Core\External\SDL</Filter>
    </ClInclude>
    <ClInclude Include="Core\External\SDL\SDL_assert.h">
      <Filter>01. Core\External\SDL</Filter>
    </ClInclude>
    <ClInclude Include="Core\External\SDL\SDL_atomic.h">
      <Filter>01. Core\External\SDL</Filter>
    </ClInclude>
    <ClInclude Include="Core\External\SDL\SDL_audio.h">
      <Filter>01. Core\External\SDL</Filter>
    </ClInclude>
    <ClInclude Include="Core\External\SDL\SDL_bits.h">
      <Filter>01. Core\External\SDL</Filter>
    </ClInclude>
    <ClInclude Include="Core\External\SDL\SDL_blendmode.h">
      <Filter>01. Core\External\SDL</Filter>
    </ClInclude>
    <ClInclude Include="Core\External\SDL\SDL_clipboard.h">
      <Filter>01. Core\External\SDL</Filter>
    </ClInclude>
    <ClInclude Include="Core\External\SDL\SDL_config.h">
      <Filter>01. Core\External\SDL</Filter>
    </ClInclude>
    <ClInclude Include="Core\External\SDL\SDL_cpuinfo.h">
      <Filter>01. Core\External\SDL</Filter>
    </ClInclude>
    <ClInclude Include="Core\External\SDL\SDL_egl.h">
      <Filter>01. Core\External\SDL</Filter>
    </ClInclude>
    <ClInclude Include="Core\External\SDL\SDL_endian.h">
      <Filter>01. Core\External\SDL</Filter>
    </ClInclude>
    <ClInclude Include="Core\External\SDL\SDL_error.h">
      <Filter>01. Core\External\SDL</Filter>
    </ClInclude>
    <ClInclude Include="Core\External\SDL\SDL_events.h">
      <Filter>01. Core\External\SDL</Filter>
    </ClInclude>
    <ClInclude Include="Core\External\SDL\SDL_filesystem.h">
      <Filter>01. Core\External\SDL</Filter>
    </ClInclude>
    <ClInclude Include="Core\External\SDL\SDL_gamecontroller.h">
      <Filter>01. Core\External\SDL</Filter>
    </ClInclude>
    <ClInclude Include="Core\External\SDL\SDL_gesture.h">
      <Filter>01. Core\External\SDL</Filter>
    </ClInclude>
    <ClInclude Include="Core\External\SDL\SDL_guid.h">
      <Filter>01. Core\External\SDL</Filter>
    </ClInclude>
    <ClInclude Include="Core\External\SDL\SDL_haptic.h">
      <Filter>01. Core\External\SDL</Filter>
    </ClInclude>
    <ClInclude Include="Core\External\SDL\SDL_hidapi.h">
      <Filter>01. Core\External\SDL</Filter>
    </ClInclude>
    <ClInclude Include="Core\External\SDL\SDL_hints.h">
      <Filter>01. Core\External\SDL</Filter>
    </ClInclude>
    <ClInclude Include="Core\External\SDL\SDL_joystick.h">
      <Filter>01. Core\External\SDL</Filter>
    </ClInclude>
    <ClInclude Include="Core\External\SDL\SDL_keyboard.h">
      <Filter>01. Core\External\SDL</Filter>
    </ClInclude>
    <ClInclude Include="Core\External\SDL\SDL_keycode.h">
      <Filter>01. Core\External\SDL</Filter>
    </ClInclude>
    <ClInclude Include="Core\External\SDL\SDL_loadso.h">
      <Filter>01. Core\External\SDL</Filter>
    </ClInclude>
    <ClInclude Include="Core\External\SDL\SDL_locale.h">
      <Filter>01. Core\External\SDL</Filter>
    </ClInclude>
    <ClInclude Include="Core\External\SDL\SDL_log.h">
      <Filter>01. Core\External\SDL</Filter>
    </ClInclude>
    <ClInclude Include="Core\External\SDL\SDL_main.h">
      <Filter>01. Core\External\SDL</Filter>
    </ClInclude>
    <ClInclude Include="Core\External\SDL\SDL_messagebox.h">
      <Filter>01. Core\External\SDL</Filter>
    </ClInclude>
    <ClInclude Include="Core\External\SDL\SDL_metal.h">
      <Filter>01. Core\External\SDL</Filter>
    </ClInclude>
    <ClInclude Include="Core\External\SDL\SDL_misc.h">
      <Filter>01. Core\External\SDL</Filter>
    </ClInclude>
    <ClInclude Include="Core\External\SDL\SDL_mouse.h">
      <Filter>01. Core\External\SDL</Filter>
    </ClInclude>
    <ClInclude Include="Core\External\SDL\SDL_mutex.h">
      <Filter>01. Core\External\SDL</Filter>
    </ClInclude>
    <ClInclude Include="Core\External\SDL\SDL_name.h">
      <Filter>01. Core\External\SDL</Filter>
    </ClInclude>
    <ClInclude Include="Core\External\SDL\SDL_opengl.h">
      <Filter>01. Core\External\SDL</Filter>
    </ClInclude>
    <ClInclude Include="Core\External\SDL\SDL_opengl_glext.h">
      <Filter>01. Core\External\SDL</Filter>
    </ClInclude>
    <ClInclude Include="Core\External\SDL\SDL_opengles.h">
      <Filter>01. Core\External\SDL</Filter>
    </ClInclude>
    <ClInclude Include="Core\External\SDL\SDL_opengles2.h">
      <Filter>01. Core\External\SDL</Filter>
    </ClInclude>
    <ClInclude Include="Core\External\SDL\SDL_opengles2_gl2.h">
      <Filter>01. Core\External\SDL</Filter>
    </ClInclude>
    <ClInclude Include="Core\External\SDL\SDL_opengles2_gl2ext.h">
      <Filter>01. Core\External\SDL</Filter>
    </ClInclude>
    <ClInclude Include="Core\External\SDL\SDL_opengles2_gl2platform.h">
      <Filter>01. Core\External\SDL</Filter>
    </ClInclude>
    <ClInclude Include="Core\External\SDL\SDL_opengles2_khrplatform.h">
      <Filter>01. Core\External\SDL</Filter>
    </ClInclude>
    <ClInclude Include="Core\External\SDL\SDL_pixels.h">
      <Filter>01. Core\External\SDL</Filter>
    </ClInclude>
    <ClInclude Include="Core\External\SDL\SDL_platform.h">
      <Filter>01. Core\External\SDL</Filter>
    </ClInclude>
    <ClInclude Include="Core\External\SDL\SDL_power.h">
      <Filter>01. Core\External\SDL</Filter>
    </ClInclude>
    <ClInclude Include="Core\External\SDL\SDL_quit.h">
      <Filter>01. Core\External\SDL</Filter>
    </ClInclude>
    <ClInclude Include="Core\External\SDL\SDL_rect.h">
      <Filter>01. Core\External\SDL</Filter>
    </ClInclude>
    <ClInclude Include="Core\External\SDL\SDL_render.h">
      <Filter>01. Core\External\SDL</Filter>
    </ClInclude>
    <ClInclude Include="Core\External\SDL\SDL_revision.h">
      <Filter>01. Core\External\SDL</Filter>
    </ClInclude>
    <ClInclude Include="Core\External\SDL\SDL_rwops.h">
      <Filter>01. Core\External\SDL</Filter>
    </ClInclude>
    <ClInclude Include="Core\External\SDL\SDL_scancode.h">
      <Filter>01. Core\External\SDL</Filter>
    </ClInclude>
    <ClInclude Include="Core\External\SDL\SDL_sensor.h">
      <Filter>01. Core\External\SDL</Filter>
    </ClInclude>
    <ClInclude Include="Core\External\SDL\SDL_shape.h">
      <Filter>01. Core\External\SDL</Filter>
    </ClInclude>
    <ClInclude Include="Core\External\SDL\SDL_stdinc.h">
      <Filter>01. Core\External\SDL</Filter>
    </ClInclude>
    <ClInclude Include="Core\External\SDL\SDL_surface.h">
      <Filter>01. Core\External\SDL</Filter>
    </ClInclude>
    <ClInclude Include="Core\External\SDL\SDL_system.h">
      <Filter>01. Core\External\SDL</Filter>
    </ClInclude>
    <ClInclude Include="Core\External\SDL\SDL_syswm.h">
      <Filter>01. Core\External\SDL</Filter>
    </ClInclude>
    <ClInclude Include="Core\External\SDL\SDL_test.h">
      <Filter>01. Core\External\SDL</Filter>
    </ClInclude>
    <ClInclude Include="Core\External\SDL\SDL_test_assert.h">
      <Filter>01. Core\External\SDL</Filter>
    </ClInclude>
    <ClInclude Include="Core\External\SDL\SDL_test_common.h">
      <Filter>01. Core\External\SDL</Filter>
    </ClInclude>
    <ClInclude Include="Core\External\SDL\SDL_test_compare.h">
      <Filter>01. Core\External\SDL</Filter>
    </ClInclude>
    <ClInclude Include="Core\External\SDL\SDL_test_crc32.h">
      <Filter>01. Core\External\SDL</Filter>
    </ClInclude>
    <ClInclude Include="Core\External\SDL\SDL_test_font.h">
      <Filter>01. Core\External\SDL</Filter>
    </ClInclude>
    <ClInclude Include="Core\External\SDL\SDL_test_fuzzer.h">
      <Filter>01. Core\External\SDL</Filter>
    </ClInclude>
    <ClInclude Include="Core\External\SDL\SDL_test_harness.h">
      <Filter>01. Core\External\SDL</Filter>
    </ClInclude>
    <ClInclude Include="Core\External\SDL\SDL_test_images.h">
      <Filter>01. Core\External\SDL</Filter>
    </ClInclude>
    <ClInclude Include="Core\External\SDL\SDL_test_log.h">
      <Filter>01. Core\External\SDL</Filter>
    </ClInclude>
    <ClInclude Include="Core\External\SDL\SDL_test_md5.h">
      <Filter>01. Core\External\SDL</Filter>
    </ClInclude>
    <ClInclude Include="Core\External\SDL\SDL_test_memory.h">
      <Filter>01. Core\External\SDL</Filter>
    </ClInclude>
    <ClInclude Include="Core\External\SDL\SDL_test_random.h">
      <Filter>01. Core\External\SDL</Filter>
    </ClInclude>
    <ClInclude Include="Core\External\SDL\SDL_thread.h">
      <Filter>01. Core\External\SDL</Filter>
    </ClInclude>
    <ClInclude Include="Core\External\SDL\SDL_timer.h">
      <Filter>01. Core\External\SDL</Filter>
    </ClInclude>
    <ClInclude Include="Core\External\SDL\SDL_touch.h">
      <Filter>01. Core\External\SDL</Filter>
    </ClInclude>
    <ClInclude Include="Core\External\SDL\SDL_types.h">
      <Filter>01. Core\External\SDL</Filter>
    </ClInclude>
    <ClInclude Include="Core\External\SDL\SDL_version.h">
      <Filter>01. Core\External\SDL</Filter>
    </ClInclude>
    <ClInclude Include="Core\External\SDL\SDL_video.h">
      <Filter>01. Core\External\SDL</Filter>
    </ClInclude>
    <ClInclude Include="Core\External\SDL\SDL_vulkan.h">
      <Filter>01. Core\External\SDL</Filter>
    </ClInclude>
    <ClInclude Include="Core\External\SDL\begin_code.h">
      <Filter>01. Core\External\SDL</Filter>
    </ClInclude>
    <ClInclude Include="Scene\Scene.h">
      <Filter>03. Scene</Filter>
    </ClInclude>
    <ClInclude Include="Manager\SceneManager.h">
      <Filter>02. Manager</Filter>
    </ClInclude>
    <ClInclude Include="Scene\PlayScene.h">
      <Filter>03. Scene\01. Scenes</Filter>
    </ClInclude>
    <ClInclude Include="Core\SceneState.h">
      <Filter>01. Core\Lib</Filter>
    </ClInclude>
    <ClInclude Include="Scene\MenuScene.h">
      <Filter>03. Scene\01. Scenes</Filter>
    </ClInclude>
    <ClInclude Include="Object\Object.h">
      <Filter>04. Object</Filter>
    </ClInclude>
    <ClInclude Include="Core\ObjectType.h">
      <Filter>01. Core\Lib</Filter>
    </ClInclude>
    <ClInclude Include="Object\Player.h">
      <Filter>04. Object\01. Objects</Filter>
    </ClInclude>
    <ClInclude Include="Core\StaticMemoryPool.h">
      <Filter>01. Core\Lib</Filter>
    </ClInclude>
    <ClInclude Include="Manager\MemoryPoolManager.h">
      <Filter>02. Manager</Filter>
    </ClInclude>
  </ItemGroup>
  <ItemGroup>
    <ClCompile Include="Client.cpp" />
    <ClCompile Include="Core\Timer.cpp">
      <Filter>01. Core\Lib\Timer</Filter>
    </ClCompile>
    <ClCompile Include="Core\Input.cpp">
      <Filter>01. Core\Lib\Input</Filter>
    </ClCompile>
    <ClCompile Include="Manager\GameManager.cpp">
      <Filter>02. Manager</Filter>
    </ClCompile>
    <ClCompile Include="Scene\Scene.cpp">
      <Filter>03. Scene</Filter>
    </ClCompile>
    <ClCompile Include="Manager\SceneManager.cpp">
      <Filter>02. Manager</Filter>
    </ClCompile>
    <ClCompile Include="Scene\PlayScene.cpp">
      <Filter>03. Scene\01. Scenes</Filter>
    </ClCompile>
    <ClCompile Include="Scene\MenuScene.cpp">
      <Filter>03. Scene\01. Scenes</Filter>
    </ClCompile>
    <ClCompile Include="Object\Object.cpp">
      <Filter>04. Object</Filter>
    </ClCompile>
    <ClCompile Include="Object\Player.cpp">
      <Filter>04. Object\01. Objects</Filter>
    </ClCompile>
  </ItemGroup>
</Project>